// !$*UTF8*$!
{
	archiveVersion = 1;
	classes = {
	};
	objectVersion = 46;
	objects = {

/* Begin PBXBuildFile section */
		16350E4319E81E050028F527 /* main.m in Sources */ = {isa = PBXBuildFile; fileRef = 16350E4219E81E050028F527 /* main.m */; };
		16350E4E19E81E050028F527 /* Images.xcassets in Resources */ = {isa = PBXBuildFile; fileRef = 16350E4D19E81E050028F527 /* Images.xcassets */; };
		16350E5119E81E050028F527 /* LaunchScreen.xib in Resources */ = {isa = PBXBuildFile; fileRef = 16350E4F19E81E050028F527 /* LaunchScreen.xib */; };
		16350E5D19E81E050028F527 /* FIMultipleSelectionCalendarDemoTests.m in Sources */ = {isa = PBXBuildFile; fileRef = 16350E5C19E81E050028F527 /* FIMultipleSelectionCalendarDemoTests.m */; };
		16350E7419E81E190028F527 /* AppDelegate.m in Sources */ = {isa = PBXBuildFile; fileRef = 16350E6719E81E190028F527 /* AppDelegate.m */; };
		16350E7519E81E190028F527 /* VC.m in Sources */ = {isa = PBXBuildFile; fileRef = 16350E6919E81E190028F527 /* VC.m */; };
		16350E7619E81E190028F527 /* FIMultipleSelectionCalendarView.m in Sources */ = {isa = PBXBuildFile; fileRef = 16350E6C19E81E190028F527 /* FIMultipleSelectionCalendarView.m */; };
		16350E7719E81E190028F527 /* FIMultipleSelectionCalendarViewHeader.m in Sources */ = {isa = PBXBuildFile; fileRef = 16350E6E19E81E190028F527 /* FIMultipleSelectionCalendarViewHeader.m */; };
		16350E7819E81E190028F527 /* FIMultipleSelectionCalendarViewFlowLayout.m in Sources */ = {isa = PBXBuildFile; fileRef = 16350E7019E81E190028F527 /* FIMultipleSelectionCalendarViewFlowLayout.m */; };
		16350E7919E81E190028F527 /* FIMultipleSelectionCalendarViewCell.m in Sources */ = {isa = PBXBuildFile; fileRef = 16350E7219E81E190028F527 /* FIMultipleSelectionCalendarViewCell.m */; };
		16350E7A19E81E190028F527 /* Main.storyboard in Resources */ = {isa = PBXBuildFile; fileRef = 16350E7319E81E190028F527 /* Main.storyboard */; };
/* End PBXBuildFile section */

/* Begin PBXContainerItemProxy section */
		16350E5719E81E050028F527 /* PBXContainerItemProxy */ = {
			isa = PBXContainerItemProxy;
			containerPortal = 16350E3519E81E050028F527 /* Project object */;
			proxyType = 1;
			remoteGlobalIDString = 16350E3C19E81E050028F527;
			remoteInfo = FIMultipleSelectionCalendarDemo;
		};
/* End PBXContainerItemProxy section */

/* Begin PBXFileReference section */
		16350E3D19E81E050028F527 /* FIMultipleSelectionCalendarDemo.app */ = {isa = PBXFileReference; explicitFileType = wrapper.application; includeInIndex = 0; path = FIMultipleSelectionCalendarDemo.app; sourceTree = BUILT_PRODUCTS_DIR; };
		16350E4119E81E050028F527 /* Info.plist */ = {isa = PBXFileReference; lastKnownFileType = text.plist.xml; path = Info.plist; sourceTree = "<group>"; };
		16350E4219E81E050028F527 /* main.m */ = {isa = PBXFileReference; lastKnownFileType = sourcecode.c.objc; path = main.m; sourceTree = "<group>"; };
		16350E4D19E81E050028F527 /* Images.xcassets */ = {isa = PBXFileReference; lastKnownFileType = folder.assetcatalog; path = Images.xcassets; sourceTree = "<group>"; };
		16350E5019E81E050028F527 /* Base */ = {isa = PBXFileReference; lastKnownFileType = file.xib; name = Base; path = Base.lproj/LaunchScreen.xib; sourceTree = "<group>"; };
		16350E5619E81E050028F527 /* FIMultipleSelectionCalendarDemoTests.xctest */ = {isa = PBXFileReference; explicitFileType = wrapper.cfbundle; includeInIndex = 0; path = FIMultipleSelectionCalendarDemoTests.xctest; sourceTree = BUILT_PRODUCTS_DIR; };
		16350E5B19E81E050028F527 /* Info.plist */ = {isa = PBXFileReference; lastKnownFileType = text.plist.xml; path = Info.plist; sourceTree = "<group>"; };
		16350E5C19E81E050028F527 /* FIMultipleSelectionCalendarDemoTests.m */ = {isa = PBXFileReference; lastKnownFileType = sourcecode.c.objc; path = FIMultipleSelectionCalendarDemoTests.m; sourceTree = "<group>"; };
		16350E6619E81E190028F527 /* AppDelegate.h */ = {isa = PBXFileReference; fileEncoding = 4; lastKnownFileType = sourcecode.c.h; name = AppDelegate.h; path = Demo/AppDelegate.h; sourceTree = "<group>"; };
		16350E6719E81E190028F527 /* AppDelegate.m */ = {isa = PBXFileReference; fileEncoding = 4; lastKnownFileType = sourcecode.c.objc; name = AppDelegate.m; path = Demo/AppDelegate.m; sourceTree = "<group>"; };
		16350E6819E81E190028F527 /* VC.h */ = {isa = PBXFileReference; fileEncoding = 4; lastKnownFileType = sourcecode.c.h; name = VC.h; path = Demo/VC.h; sourceTree = "<group>"; };
		16350E6919E81E190028F527 /* VC.m */ = {isa = PBXFileReference; fileEncoding = 4; lastKnownFileType = sourcecode.c.objc; name = VC.m; path = Demo/VC.m; sourceTree = "<group>"; };
		16350E6A19E81E190028F527 /* FIMultipleSelectionCalendar.h */ = {isa = PBXFileReference; fileEncoding = 4; lastKnownFileType = sourcecode.c.h; name = FIMultipleSelectionCalendar.h; path = FIMultipleSelectionCalendar/FIMultipleSelectionCalendar.h; sourceTree = "<group>"; };
		16350E6B19E81E190028F527 /* FIMultipleSelectionCalendarView.h */ = {isa = PBXFileReference; fileEncoding = 4; lastKnownFileType = sourcecode.c.h; name = FIMultipleSelectionCalendarView.h; path = FIMultipleSelectionCalendar/FIMultipleSelectionCalendarView.h; sourceTree = "<group>"; };
		16350E6C19E81E190028F527 /* FIMultipleSelectionCalendarView.m */ = {isa = PBXFileReference; fileEncoding = 4; lastKnownFileType = sourcecode.c.objc; name = FIMultipleSelectionCalendarView.m; path = FIMultipleSelectionCalendar/FIMultipleSelectionCalendarView.m; sourceTree = "<group>"; };
		16350E6D19E81E190028F527 /* FIMultipleSelectionCalendarViewHeader.h */ = {isa = PBXFileReference; fileEncoding = 4; lastKnownFileType = sourcecode.c.h; name = FIMultipleSelectionCalendarViewHeader.h; path = FIMultipleSelectionCalendar/FIMultipleSelectionCalendarViewHeader.h; sourceTree = "<group>"; };
		16350E6E19E81E190028F527 /* FIMultipleSelectionCalendarViewHeader.m */ = {isa = PBXFileReference; fileEncoding = 4; lastKnownFileType = sourcecode.c.objc; name = FIMultipleSelectionCalendarViewHeader.m; path = FIMultipleSelectionCalendar/FIMultipleSelectionCalendarViewHeader.m; sourceTree = "<group>"; };
		16350E6F19E81E190028F527 /* FIMultipleSelectionCalendarViewFlowLayout.h */ = {isa = PBXFileReference; fileEncoding = 4; lastKnownFileType = sourcecode.c.h; name = FIMultipleSelectionCalendarViewFlowLayout.h; path = FIMultipleSelectionCalendar/FIMultipleSelectionCalendarViewFlowLayout.h; sourceTree = "<group>"; };
		16350E7019E81E190028F527 /* FIMultipleSelectionCalendarViewFlowLayout.m */ = {isa = PBXFileReference; fileEncoding = 4; lastKnownFileType = sourcecode.c.objc; name = FIMultipleSelectionCalendarViewFlowLayout.m; path = FIMultipleSelectionCalendar/FIMultipleSelectionCalendarViewFlowLayout.m; sourceTree = "<group>"; };
		16350E7119E81E190028F527 /* FIMultipleSelectionCalendarViewCell.h */ = {isa = PBXFileReference; fileEncoding = 4; lastKnownFileType = sourcecode.c.h; name = FIMultipleSelectionCalendarViewCell.h; path = FIMultipleSelectionCalendar/FIMultipleSelectionCalendarViewCell.h; sourceTree = "<group>"; };
		16350E7219E81E190028F527 /* FIMultipleSelectionCalendarViewCell.m */ = {isa = PBXFileReference; fileEncoding = 4; lastKnownFileType = sourcecode.c.objc; name = FIMultipleSelectionCalendarViewCell.m; path = FIMultipleSelectionCalendar/FIMultipleSelectionCalendarViewCell.m; sourceTree = "<group>"; };
		16350E7319E81E190028F527 /* Main.storyboard */ = {isa = PBXFileReference; fileEncoding = 4; lastKnownFileType = file.storyboard; path = Main.storyboard; sourceTree = "<group>"; };
/* End PBXFileReference section */

/* Begin PBXFrameworksBuildPhase section */
		16350E3A19E81E050028F527 /* Frameworks */ = {
			isa = PBXFrameworksBuildPhase;
			buildActionMask = 2147483647;
			files = (
			);
			runOnlyForDeploymentPostprocessing = 0;
		};
		16350E5319E81E050028F527 /* Frameworks */ = {
			isa = PBXFrameworksBuildPhase;
			buildActionMask = 2147483647;
			files = (
			);
			runOnlyForDeploymentPostprocessing = 0;
		};
/* End PBXFrameworksBuildPhase section */

/* Begin PBXGroup section */
		16350E3419E81E050028F527 = {
			isa = PBXGroup;
			children = (
				16350E3F19E81E050028F527 /* FIMultipleSelectionCalendarDemo */,
				16350E5919E81E050028F527 /* FIMultipleSelectionCalendarDemoTests */,
				16350E3E19E81E050028F527 /* Products */,
			);
			sourceTree = "<group>";
		};
		16350E3E19E81E050028F527 /* Products */ = {
			isa = PBXGroup;
			children = (
				16350E3D19E81E050028F527 /* FIMultipleSelectionCalendarDemo.app */,
				16350E5619E81E050028F527 /* FIMultipleSelectionCalendarDemoTests.xctest */,
			);
			name = Products;
			sourceTree = "<group>";
		};
		16350E3F19E81E050028F527 /* FIMultipleSelectionCalendarDemo */ = {
			isa = PBXGroup;
			children = (
				16350E7B19E81E1E0028F527 /* Demo */,
				16350E7C19E81E240028F527 /* FIMultipleSelectionCalendar */,
				16350E7319E81E190028F527 /* Main.storyboard */,
				16350E4D19E81E050028F527 /* Images.xcassets */,
				16350E4F19E81E050028F527 /* LaunchScreen.xib */,
				16350E4019E81E050028F527 /* Supporting Files */,
			);
			path = FIMultipleSelectionCalendarDemo;
			sourceTree = "<group>";
		};
		16350E4019E81E050028F527 /* Supporting Files */ = {
			isa = PBXGroup;
			children = (
				16350E4119E81E050028F527 /* Info.plist */,
				16350E4219E81E050028F527 /* main.m */,
			);
			name = "Supporting Files";
			sourceTree = "<group>";
		};
		16350E5919E81E050028F527 /* FIMultipleSelectionCalendarDemoTests */ = {
			isa = PBXGroup;
			children = (
				16350E5C19E81E050028F527 /* FIMultipleSelectionCalendarDemoTests.m */,
				16350E5A19E81E050028F527 /* Supporting Files */,
			);
			path = FIMultipleSelectionCalendarDemoTests;
			sourceTree = "<group>";
		};
		16350E5A19E81E050028F527 /* Supporting Files */ = {
			isa = PBXGroup;
			children = (
				16350E5B19E81E050028F527 /* Info.plist */,
			);
			name = "Supporting Files";
			sourceTree = "<group>";
		};
		16350E7B19E81E1E0028F527 /* Demo */ = {
			isa = PBXGroup;
			children = (
				16350E6619E81E190028F527 /* AppDelegate.h */,
				16350E6719E81E190028F527 /* AppDelegate.m */,
				16350E6819E81E190028F527 /* VC.h */,
				16350E6919E81E190028F527 /* VC.m */,
			);
			name = Demo;
			sourceTree = "<group>";
		};
		16350E7C19E81E240028F527 /* FIMultipleSelectionCalendar */ = {
			isa = PBXGroup;
			children = (
				16350E6A19E81E190028F527 /* FIMultipleSelectionCalendar.h */,
				16350E6B19E81E190028F527 /* FIMultipleSelectionCalendarView.h */,
				16350E6C19E81E190028F527 /* FIMultipleSelectionCalendarView.m */,
				16350E6D19E81E190028F527 /* FIMultipleSelectionCalendarViewHeader.h */,
				16350E6E19E81E190028F527 /* FIMultipleSelectionCalendarViewHeader.m */,
				16350E6F19E81E190028F527 /* FIMultipleSelectionCalendarViewFlowLayout.h */,
				16350E7019E81E190028F527 /* FIMultipleSelectionCalendarViewFlowLayout.m */,
				16350E7119E81E190028F527 /* FIMultipleSelectionCalendarViewCell.h */,
				16350E7219E81E190028F527 /* FIMultipleSelectionCalendarViewCell.m */,
			);
			name = FIMultipleSelectionCalendar;
			sourceTree = "<group>";
		};
/* End PBXGroup section */

/* Begin PBXNativeTarget section */
		16350E3C19E81E050028F527 /* FIMultipleSelectionCalendarDemo */ = {
			isa = PBXNativeTarget;
			buildConfigurationList = 16350E6019E81E050028F527 /* Build configuration list for PBXNativeTarget "FIMultipleSelectionCalendarDemo" */;
			buildPhases = (
				16350E3919E81E050028F527 /* Sources */,
				16350E3A19E81E050028F527 /* Frameworks */,
				16350E3B19E81E050028F527 /* Resources */,
			);
			buildRules = (
			);
			dependencies = (
			);
			name = FIMultipleSelectionCalendarDemo;
			productName = FIMultipleSelectionCalendarDemo;
			productReference = 16350E3D19E81E050028F527 /* FIMultipleSelectionCalendarDemo.app */;
			productType = "com.apple.product-type.application";
		};
		16350E5519E81E050028F527 /* FIMultipleSelectionCalendarDemoTests */ = {
			isa = PBXNativeTarget;
			buildConfigurationList = 16350E6319E81E050028F527 /* Build configuration list for PBXNativeTarget "FIMultipleSelectionCalendarDemoTests" */;
			buildPhases = (
				16350E5219E81E050028F527 /* Sources */,
				16350E5319E81E050028F527 /* Frameworks */,
				16350E5419E81E050028F527 /* Resources */,
			);
			buildRules = (
			);
			dependencies = (
				16350E5819E81E050028F527 /* PBXTargetDependency */,
			);
			name = FIMultipleSelectionCalendarDemoTests;
			productName = FIMultipleSelectionCalendarDemoTests;
			productReference = 16350E5619E81E050028F527 /* FIMultipleSelectionCalendarDemoTests.xctest */;
			productType = "com.apple.product-type.bundle.unit-test";
		};
/* End PBXNativeTarget section */

/* Begin PBXProject section */
		16350E3519E81E050028F527 /* Project object */ = {
			isa = PBXProject;
			attributes = {
				LastUpgradeCheck = 0600;
				ORGANIZATIONNAME = "Fedotov Igor";
				TargetAttributes = {
					16350E3C19E81E050028F527 = {
						CreatedOnToolsVersion = 6.0.1;
					};
					16350E5519E81E050028F527 = {
						CreatedOnToolsVersion = 6.0.1;
						TestTargetID = 16350E3C19E81E050028F527;
					};
				};
			};
			buildConfigurationList = 16350E3819E81E050028F527 /* Build configuration list for PBXProject "FIMultipleSelectionCalendarDemo" */;
			compatibilityVersion = "Xcode 3.2";
			developmentRegion = English;
			hasScannedForEncodings = 0;
			knownRegions = (
				en,
				Base,
			);
			mainGroup = 16350E3419E81E050028F527;
			productRefGroup = 16350E3E19E81E050028F527 /* Products */;
			projectDirPath = "";
			projectRoot = "";
			targets = (
				16350E3C19E81E050028F527 /* FIMultipleSelectionCalendarDemo */,
				16350E5519E81E050028F527 /* FIMultipleSelectionCalendarDemoTests */,
			);
		};
/* End PBXProject section */

/* Begin PBXResourcesBuildPhase section */
		16350E3B19E81E050028F527 /* Resources */ = {
			isa = PBXResourcesBuildPhase;
			buildActionMask = 2147483647;
			files = (
				16350E7A19E81E190028F527 /* Main.storyboard in Resources */,
				16350E5119E81E050028F527 /* LaunchScreen.xib in Resources */,
				16350E4E19E81E050028F527 /* Images.xcassets in Resources */,
			);
			runOnlyForDeploymentPostprocessing = 0;
		};
		16350E5419E81E050028F527 /* Resources */ = {
			isa = PBXResourcesBuildPhase;
			buildActionMask = 2147483647;
			files = (
			);
			runOnlyForDeploymentPostprocessing = 0;
		};
/* End PBXResourcesBuildPhase section */

/* Begin PBXSourcesBuildPhase section */
		16350E3919E81E050028F527 /* Sources */ = {
			isa = PBXSourcesBuildPhase;
			buildActionMask = 2147483647;
			files = (
				16350E7419E81E190028F527 /* AppDelegate.m in Sources */,
				16350E7919E81E190028F527 /* FIMultipleSelectionCalendarViewCell.m in Sources */,
				16350E7719E81E190028F527 /* FIMultipleSelectionCalendarViewHeader.m in Sources */,
				16350E7519E81E190028F527 /* VC.m in Sources */,
				16350E7619E81E190028F527 /* FIMultipleSelectionCalendarView.m in Sources */,
				16350E7819E81E190028F527 /* FIMultipleSelectionCalendarViewFlowLayout.m in Sources */,
				16350E4319E81E050028F527 /* main.m in Sources */,
			);
			runOnlyForDeploymentPostprocessing = 0;
		};
		16350E5219E81E050028F527 /* Sources */ = {
			isa = PBXSourcesBuildPhase;
			buildActionMask = 2147483647;
			files = (
				16350E5D19E81E050028F527 /* FIMultipleSelectionCalendarDemoTests.m in Sources */,
			);
			runOnlyForDeploymentPostprocessing = 0;
		};
/* End PBXSourcesBuildPhase section */

/* Begin PBXTargetDependency section */
		16350E5819E81E050028F527 /* PBXTargetDependency */ = {
			isa = PBXTargetDependency;
			target = 16350E3C19E81E050028F527 /* FIMultipleSelectionCalendarDemo */;
			targetProxy = 16350E5719E81E050028F527 /* PBXContainerItemProxy */;
		};
/* End PBXTargetDependency section */

/* Begin PBXVariantGroup section */
		16350E4F19E81E050028F527 /* LaunchScreen.xib */ = {
			isa = PBXVariantGroup;
			children = (
				16350E5019E81E050028F527 /* Base */,
			);
			name = LaunchScreen.xib;
			sourceTree = "<group>";
		};
/* End PBXVariantGroup section */

/* Begin XCBuildConfiguration section */
		16350E5E19E81E050028F527 /* Debug */ = {
			isa = XCBuildConfiguration;
			buildSettings = {
				ALWAYS_SEARCH_USER_PATHS = NO;
				CLANG_CXX_LANGUAGE_STANDARD = "gnu++0x";
				CLANG_CXX_LIBRARY = "libc++";
				CLANG_ENABLE_MODULES = YES;
				CLANG_ENABLE_OBJC_ARC = YES;
				CLANG_WARN_BOOL_CONVERSION = YES;
				CLANG_WARN_CONSTANT_CONVERSION = YES;
				CLANG_WARN_DIRECT_OBJC_ISA_USAGE = YES_ERROR;
				CLANG_WARN_EMPTY_BODY = YES;
				CLANG_WARN_ENUM_CONVERSION = YES;
				CLANG_WARN_INT_CONVERSION = YES;
				CLANG_WARN_OBJC_ROOT_CLASS = YES_ERROR;
				CLANG_WARN_UNREACHABLE_CODE = YES;
				CLANG_WARN__DUPLICATE_METHOD_MATCH = YES;
				"CODE_SIGN_IDENTITY[sdk=iphoneos*]" = "iPhone Developer";
				COPY_PHASE_STRIP = NO;
				ENABLE_STRICT_OBJC_MSGSEND = YES;
				GCC_C_LANGUAGE_STANDARD = gnu99;
				GCC_DYNAMIC_NO_PIC = NO;
				GCC_OPTIMIZATION_LEVEL = 0;
				GCC_PREPROCESSOR_DEFINITIONS = (
					"DEBUG=1",
					"$(inherited)",
				);
				GCC_SYMBOLS_PRIVATE_EXTERN = NO;
				GCC_WARN_64_TO_32_BIT_CONVERSION = YES;
				GCC_WARN_ABOUT_RETURN_TYPE = YES_ERROR;
				GCC_WARN_UNDECLARED_SELECTOR = YES;
				GCC_WARN_UNINITIALIZED_AUTOS = YES_AGGRESSIVE;
				GCC_WARN_UNUSED_FUNCTION = YES;
				GCC_WARN_UNUSED_VARIABLE = YES;
				IPHONEOS_DEPLOYMENT_TARGET = 8.0;
				MTL_ENABLE_DEBUG_INFO = YES;
				ONLY_ACTIVE_ARCH = YES;
				SDKROOT = iphoneos;
				TARGETED_DEVICE_FAMILY = "1,2";
			};
			name = Debug;
		};
		16350E5F19E81E050028F527 /* Release */ = {
			isa = XCBuildConfiguration;
			buildSettings = {
				ALWAYS_SEARCH_USER_PATHS = NO;
				CLANG_CXX_LANGUAGE_STANDARD = "gnu++0x";
				CLANG_CXX_LIBRARY = "libc++";
				CLANG_ENABLE_MODULES = YES;
				CLANG_ENABLE_OBJC_ARC = YES;
				CLANG_WARN_BOOL_CONVERSION = YES;
				CLANG_WARN_CONSTANT_CONVERSION = YES;
				CLANG_WARN_DIRECT_OBJC_ISA_USAGE = YES_ERROR;
				CLANG_WARN_EMPTY_BODY = YES;
				CLANG_WARN_ENUM_CONVERSION = YES;
				CLANG_WARN_INT_CONVERSION = YES;
				CLANG_WARN_OBJC_ROOT_CLASS = YES_ERROR;
				CLANG_WARN_UNREACHABLE_CODE = YES;
				CLANG_WARN__DUPLICATE_METHOD_MATCH = YES;
				"CODE_SIGN_IDENTITY[sdk=iphoneos*]" = "iPhone Developer";
				COPY_PHASE_STRIP = YES;
				ENABLE_NS_ASSERTIONS = NO;
				ENABLE_STRICT_OBJC_MSGSEND = YES;
				GCC_C_LANGUAGE_STANDARD = gnu99;
				GCC_WARN_64_TO_32_BIT_CONVERSION = YES;
				GCC_WARN_ABOUT_RETURN_TYPE = YES_ERROR;
				GCC_WARN_UNDECLARED_SELECTOR = YES;
				GCC_WARN_UNINITIALIZED_AUTOS = YES_AGGRESSIVE;
				GCC_WARN_UNUSED_FUNCTION = YES;
				GCC_WARN_UNUSED_VARIABLE = YES;
				IPHONEOS_DEPLOYMENT_TARGET = 8.0;
				MTL_ENABLE_DEBUG_INFO = NO;
				SDKROOT = iphoneos;
				TARGETED_DEVICE_FAMILY = "1,2";
				VALIDATE_PRODUCT = YES;
			};
			name = Release;
		};
		16350E6119E81E050028F527 /* Debug */ = {
			isa = XCBuildConfiguration;
			buildSettings = {
				ASSETCATALOG_COMPILER_APPICON_NAME = AppIcon;
				INFOPLIST_FILE = FIMultipleSelectionCalendarDemo/Info.plist;
				LD_RUNPATH_SEARCH_PATHS = "$(inherited) @executable_path/Frameworks";
				PRODUCT_NAME = "$(TARGET_NAME)";
			};
			name = Debug;
		};
		16350E6219E81E050028F527 /* Release */ = {
			isa = XCBuildConfiguration;
			buildSettings = {
				ASSETCATALOG_COMPILER_APPICON_NAME = AppIcon;
				INFOPLIST_FILE = FIMultipleSelectionCalendarDemo/Info.plist;
				LD_RUNPATH_SEARCH_PATHS = "$(inherited) @executable_path/Frameworks";
				PRODUCT_NAME = "$(TARGET_NAME)";
			};
			name = Release;
		};
		16350E6419E81E050028F527 /* Debug */ = {
			isa = XCBuildConfiguration;
			buildSettings = {
				BUNDLE_LOADER = "$(TEST_HOST)";
				FRAMEWORK_SEARCH_PATHS = (
					"$(SDKROOT)/Developer/Library/Frameworks",
					"$(inherited)",
				);
				GCC_PREPROCESSOR_DEFINITIONS = (
					"DEBUG=1",
					"$(inherited)",
				);
				INFOPLIST_FILE = FIMultipleSelectionCalendarDemoTests/Info.plist;
				LD_RUNPATH_SEARCH_PATHS = "$(inherited) @executable_path/Frameworks @loader_path/Frameworks";
				PRODUCT_NAME = "$(TARGET_NAME)";
				TEST_HOST = "$(BUILT_PRODUCTS_DIR)/FIMultipleSelectionCalendarDemo.app/FIMultipleSelectionCalendarDemo";
			};
			name = Debug;
		};
		16350E6519E81E050028F527 /* Release */ = {
			isa = XCBuildConfiguration;
			buildSettings = {
				BUNDLE_LOADER = "$(TEST_HOST)";
				FRAMEWORK_SEARCH_PATHS = (
					"$(SDKROOT)/Developer/Library/Frameworks",
					"$(inherited)",
				);
				INFOPLIST_FILE = FIMultipleSelectionCalendarDemoTests/Info.plist;
				LD_RUNPATH_SEARCH_PATHS = "$(inherited) @executable_path/Frameworks @loader_path/Frameworks";
				PRODUCT_NAME = "$(TARGET_NAME)";
				TEST_HOST = "$(BUILT_PRODUCTS_DIR)/FIMultipleSelectionCalendarDemo.app/FIMultipleSelectionCalendarDemo";
			};
			name = Release;
		};
/* End XCBuildConfiguration section */

/* Begin XCConfigurationList section */
		16350E3819E81E050028F527 /* Build configuration list for PBXProject "FIMultipleSelectionCalendarDemo" */ = {
			isa = XCConfigurationList;
			buildConfigurations = (
				16350E5E19E81E050028F527 /* Debug */,
				16350E5F19E81E050028F527 /* Release */,
			);
			defaultConfigurationIsVisible = 0;
			defaultConfigurationName = Release;
		};
		16350E6019E81E050028F527 /* Build configuration list for PBXNativeTarget "FIMultipleSelectionCalendarDemo" */ = {
			isa = XCConfigurationList;
			buildConfigurations = (
				16350E6119E81E050028F527 /* Debug */,
				16350E6219E81E050028F527 /* Release */,
			);
			defaultConfigurationIsVisible = 0;
		};
		16350E6319E81E050028F527 /* Build configuration list for PBXNativeTarget "FIMultipleSelectionCalendarDemoTests" */ = {
			isa = XCConfigurationList;
			buildConfigurations = (
				16350E6419E81E050028F527 /* Debug */,
				16350E6519E81E050028F527 /* Release */,
			);
			defaultConfigurationIsVisible = 0;
		};
/* End XCConfigurationList section */
	};
	rootObject = 16350E3519E81E050028F527 /* Project object */;
}
